
Microsoft Visual Studio Solution File, Format Version 12.00
# Visual Studio Version 17
VisualStudioVersion = 17.3.32929.385
MinimumVisualStudioVersion = 10.0.40219.1
Project("{FAE04EC0-301F-11D3-BF4B-00C04F79EFBC}") = "feleves_feladat_TQPGSS", "feleves_feladat_TQPGSS\feleves_feladat_TQPGSS.csproj", "{A239866B-2F28-4950-8E8C-976A80E66066}"
EndProject
Global
	GlobalSection(SolutionConfigurationPlatforms) = preSolution
		Debug|Any CPU = Debug|Any CPU
		Release|Any CPU = Release|Any CPU
	EndGlobalSection
	GlobalSection(ProjectConfigurationPlatforms) = postSolution
		{A239866B-2F28-4950-8E8C-976A80E66066}.Debug|Any CPU.ActiveCfg = Debug|Any CPU
		{A239866B-2F28-4950-8E8C-976A80E66066}.Debug|Any CPU.Build.0 = Debug|Any CPU
		{A239866B-2F28-4950-8E8C-976A80E66066}.Release|Any CPU.ActiveCfg = Release|Any CPU
		{A239866B-2F28-4950-8E8C-976A80E66066}.Release|Any CPU.Build.0 = Release|Any CPU
	EndGlobalSection
	GlobalSection(SolutionProperties) = preSolution
		HideSolutionNode = FALSE
	EndGlobalSection
	GlobalSection(ExtensibilityGlobals) = postSolution
		SolutionGuid = {EF5A3AB3-396A-43F2-8485-99AA9F7D7927}
	EndGlobalSection
EndGlobal
